Microsoft Visual Studio Solution File, Format Version 12.00
# Visual Studio 2012
Project("{FAE04EC0-301F-11D3-BF4B-00C04F79EFBC}") = "We Are So Back", "We Are So Back.csproj", "{5412964E-B33D-4E52-9308-BE8A363EDEA6}"
EndProject
Global
	GlobalSection(SolutionConfigurationPlatforms) = preSolution
	Debug|Any CPU = Debug|Any CPU
	ExportDebug|Any CPU = ExportDebug|Any CPU
	ExportRelease|Any CPU = ExportRelease|Any CPU
	EndGlobalSection
	GlobalSection(ProjectConfigurationPlatforms) = postSolution
		{5412964E-B33D-4E52-9308-BE8A363EDEA6}.Debug|Any CPU.ActiveCfg = Debug|Any CPU
		{5412964E-B33D-4E52-9308-BE8A363EDEA6}.Debug|Any CPU.Build.0 = Debug|Any CPU
		{5412964E-B33D-4E52-9308-BE8A363EDEA6}.ExportDebug|Any CPU.ActiveCfg = ExportDebug|Any CPU
		{5412964E-B33D-4E52-9308-BE8A363EDEA6}.ExportDebug|Any CPU.Build.0 = ExportDebug|Any CPU
		{5412964E-B33D-4E52-9308-BE8A363EDEA6}.ExportRelease|Any CPU.ActiveCfg = ExportRelease|Any CPU
		{5412964E-B33D-4E52-9308-BE8A363EDEA6}.ExportRelease|Any CPU.Build.0 = ExportRelease|Any CPU
	EndGlobalSection
EndGlobal
